// !$*UTF8*$!
{
	archiveVersion = 1;
	classes = {
	};
	objectVersion = 56;
	objects = {

/* Begin PBXBuildFile section */
		218434492C2F95EE004CACDC /* InfoPanelView.swift in Sources */ = {isa = PBXBuildFile; fileRef = 218434482C2F95EE004CACDC /* InfoPanelView.swift */; };
		2184344B2C2F9966004CACDC /* ControlView.swift in Sources */ = {isa = PBXBuildFile; fileRef = 2184344A2C2F9966004CACDC /* ControlView.swift */; };
		2184344D2C2FB4B2004CACDC /* PageModel.swift in Sources */ = {isa = PBXBuildFile; fileRef = 2184344C2C2FB4B2004CACDC /* PageModel.swift */; };
		2184344F2C2FB516004CACDC /* PageData.swift in Sources */ = {isa = PBXBuildFile; fileRef = 2184344E2C2FB516004CACDC /* PageData.swift */; };
		21FD1E162C2F15DD00EC04F3 /* PinchAppApp.swift in Sources */ = {isa = PBXBuildFile; fileRef = 21FD1E152C2F15DD00EC04F3 /* PinchAppApp.swift */; };
		21FD1E182C2F15DD00EC04F3 /* ContentView.swift in Sources */ = {isa = PBXBuildFile; fileRef = 21FD1E172C2F15DD00EC04F3 /* ContentView.swift */; };
		21FD1E1A2C2F15DE00EC04F3 /* Assets.xcassets in Resources */ = {isa = PBXBuildFile; fileRef = 21FD1E192C2F15DE00EC04F3 /* Assets.xcassets */; };
		21FD1E1D2C2F15DE00EC04F3 /* Preview Assets.xcassets in Resources */ = {isa = PBXBuildFile; fileRef = 21FD1E1C2C2F15DE00EC04F3 /* Preview Assets.xcassets */; };
/* End PBXBuildFile section */

/* Begin PBXFileReference section */
		218434482C2F95EE004CACDC /* InfoPanelView.swift */ = {isa = PBXFileReference; lastKnownFileType = sourcecode.swift; path = InfoPanelView.swift; sourceTree = "<group>"; };
		2184344A2C2F9966004CACDC /* ControlView.swift */ = {isa = PBXFileReference; lastKnownFileType = sourcecode.swift; path = ControlView.swift; sourceTree = "<group>"; };
		2184344C2C2FB4B2004CACDC /* PageModel.swift */ = {isa = PBXFileReference; lastKnownFileType = sourcecode.swift; path = PageModel.swift; sourceTree = "<group>"; };
		2184344E2C2FB516004CACDC /* PageData.swift */ = {isa = PBXFileReference; lastKnownFileType = sourcecode.swift; path = PageData.swift; sourceTree = "<group>"; };
		21FD1E122C2F15DD00EC04F3 /* PinchApp.app */ = {isa = PBXFileReference; explicitFileType = wrapper.application; includeInIndex = 0; path = PinchApp.app; sourceTree = BUILT_PRODUCTS_DIR; };
		21FD1E152C2F15DD00EC04F3 /* PinchAppApp.swift */ = {isa = PBXFileReference; lastKnownFileType = sourcecode.swift; path = PinchAppApp.swift; sourceTree = "<group>"; };
		21FD1E172C2F15DD00EC04F3 /* ContentView.swift */ = {isa = PBXFileReference; lastKnownFileType = sourcecode.swift; path = ContentView.swift; sourceTree = "<group>"; };
		21FD1E192C2F15DE00EC04F3 /* Assets.xcassets */ = {isa = PBXFileReference; lastKnownFileType = folder.assetcatalog; path = Assets.xcassets; sourceTree = "<group>"; };
		21FD1E1C2C2F15DE00EC04F3 /* Preview Assets.xcassets */ = {isa = PBXFileReference; lastKnownFileType = folder.assetcatalog; path = "Preview Assets.xcassets"; sourceTree = "<group>"; };
/* End PBXFileReference section */

/* Begin PBXFrameworksBuildPhase section */
		21FD1E0F2C2F15DD00EC04F3 /* Frameworks */ = {
			isa = PBXFrameworksBuildPhase;
			buildActionMask = 2147483647;
			files = (
			);
			runOnlyForDeploymentPostprocessing = 0;
		};
/* End PBXFrameworksBuildPhase section */

/* Begin PBXGroup section */
		218434442C2F8E6D004CACDC /* Data */ = {
			isa = PBXGroup;
			children = (
				2184344E2C2FB516004CACDC /* PageData.swift */,
			);
			path = Data;
			sourceTree = "<group>";
		};
		218434452C2F8E70004CACDC /* Model */ = {
			isa = PBXGroup;
			children = (
				2184344C2C2FB4B2004CACDC /* PageModel.swift */,
			);
			path = Model;
			sourceTree = "<group>";
		};
		218434462C2F8E78004CACDC /* View */ = {
			isa = PBXGroup;
			children = (
				218434482C2F95EE004CACDC /* InfoPanelView.swift */,
				2184344A2C2F9966004CACDC /* ControlView.swift */,
			);
			path = View;
			sourceTree = "<group>";
		};
		218434472C2F8E7C004CACDC /* Screens */ = {
			isa = PBXGroup;
			children = (
				21FD1E172C2F15DD00EC04F3 /* ContentView.swift */,
			);
			path = Screens;
			sourceTree = "<group>";
		};
		21FD1E092C2F15DD00EC04F3 = {
			isa = PBXGroup;
			children = (
				21FD1E142C2F15DD00EC04F3 /* PinchApp */,
				21FD1E132C2F15DD00EC04F3 /* Products */,
			);
			sourceTree = "<group>";
		};
		21FD1E132C2F15DD00EC04F3 /* Products */ = {
			isa = PBXGroup;
			children = (
				21FD1E122C2F15DD00EC04F3 /* PinchApp.app */,
			);
			name = Products;
			sourceTree = "<group>";
		};
		21FD1E142C2F15DD00EC04F3 /* PinchApp */ = {
			isa = PBXGroup;
			children = (
				21FD1E192C2F15DE00EC04F3 /* Assets.xcassets */,
				218434442C2F8E6D004CACDC /* Data */,
				218434452C2F8E70004CACDC /* Model */,
				21FD1E152C2F15DD00EC04F3 /* PinchAppApp.swift */,
				21FD1E1B2C2F15DE00EC04F3 /* Preview Content */,
				218434472C2F8E7C004CACDC /* Screens */,
				218434462C2F8E78004CACDC /* View */,
			);
			path = PinchApp;
			sourceTree = "<group>";
		};
		21FD1E1B2C2F15DE00EC04F3 /* Preview Content */ = {
			isa = PBXGroup;
			children = (
				21FD1E1C2C2F15DE00EC04F3 /* Preview Assets.xcassets */,
			);
			path = "Preview Content";
			sourceTree = "<group>";
		};
/* End PBXGroup section */

/* Begin PBXNativeTarget section */
		21FD1E112C2F15DD00EC04F3 /* PinchApp */ = {
			isa = PBXNativeTarget;
			buildConfigurationList = 21FD1E202C2F15DE00EC04F3 /* Build configuration list for PBXNativeTarget "PinchApp" */;
			buildPhases = (
				21FD1E0E2C2F15DD00EC04F3 /* Sources */,
				21FD1E0F2C2F15DD00EC04F3 /* Frameworks */,
				21FD1E102C2F15DD00EC04F3 /* Resources */,
			);
			buildRules = (
			);
			dependencies = (
			);
			name = PinchApp;
			productName = PinchApp;
			productReference = 21FD1E122C2F15DD00EC04F3 /* PinchApp.app */;
			productType = "com.apple.product-type.application";
		};
/* End PBXNativeTarget section */

/* Begin PBXProject section */
		21FD1E0A2C2F15DD00EC04F3 /* Project object */ = {
			isa = PBXProject;
			attributes = {
				BuildIndependentTargetsInParallel = 1;
				LastSwiftUpdateCheck = 1540;
				LastUpgradeCheck = 1540;
				TargetAttributes = {
					21FD1E112C2F15DD00EC04F3 = {
						CreatedOnToolsVersion = 15.4;
					};
				};
			};
			buildConfigurationList = 21FD1E0D2C2F15DD00EC04F3 /* Build configuration list for PBXProject "PinchApp" */;
			compatibilityVersion = "Xcode 14.0";
			developmentRegion = en;
			hasScannedForEncodings = 0;
			knownRegions = (
				en,
				Base,
			);
			mainGroup = 21FD1E092C2F15DD00EC04F3;
			productRefGroup = 21FD1E132C2F15DD00EC04F3 /* Products */;
			projectDirPath = "";
			projectRoot = "";
			targets = (
				21FD1E112C2F15DD00EC04F3 /* PinchApp */,
			);
		};
/* End PBXProject section */

/* Begin PBXResourcesBuildPhase section */
		21FD1E102C2F15DD00EC04F3 /* Resources */ = {
			isa = PBXResourcesBuildPhase;
			buildActionMask = 2147483647;
			files = (
				21FD1E1D2C2F15DE00EC04F3 /* Preview Assets.xcassets in Resources */,
				21FD1E1A2C2F15DE00EC04F3 /* Assets.xcassets in Resources */,
			);
			runOnlyForDeploymentPostprocessing = 0;
		};
/* End PBXResourcesBuildPhase section */

/* Begin PBXSourcesBuildPhase section */
		21FD1E0E2C2F15DD00EC04F3 /* Sources */ = {
			isa = PBXSourcesBuildPhase;
			buildActionMask = 2147483647;
			files = (
				2184344B2C2F9966004CACDC /* ControlView.swift in Sources */,
				2184344D2C2FB4B2004CACDC /* PageModel.swift in Sources */,
				21FD1E182C2F15DD00EC04F3 /* ContentView.swift in Sources */,
				21FD1E162C2F15DD00EC04F3 /* PinchAppApp.swift in Sources */,
				2184344F2C2FB516004CACDC /* PageData.swift in Sources */,
				218434492C2F95EE004CACDC /* InfoPanelView.swift in Sources */,
			);
			runOnlyForDeploymentPostprocessing = 0;
		};
/* End PBXSourcesBuildPhase section */

/* Begin XCBuildConfiguration section */
		21FD1E1E2C2F15DE00EC04F3 /* Debug */ = {
			isa = XCBuildConfiguration;
			buildSettings = {
				ALWAYS_SEARCH_USER_PATHS = NO;
				ASSETCATALOG_COMPILER_GENERATE_SWIFT_ASSET_SYMBOL_EXTENSIONS = YES;
				CLANG_ANALYZER_NONNULL = YES;
				CLANG_ANALYZER_NUMBER_OBJECT_CONVERSION = YES_AGGRESSIVE;
				CLANG_CXX_LANGUAGE_STANDARD = "gnu++20";
				CLANG_ENABLE_MODULES = YES;
				CLANG_ENABLE_OBJC_ARC = YES;
				CLANG_ENABLE_OBJC_WEAK = YES;
				CLANG_WARN_BLOCK_CAPTURE_AUTORELEASING = YES;
				CLANG_WARN_BOOL_CONVERSION = YES;
				CLANG_WARN_COMMA = YES;
				CLANG_WARN_CONSTANT_CONVERSION = YES;
				CLANG_WARN_DEPRECATED_OBJC_IMPLEMENTATIONS = YES;
				CLANG_WARN_DIRECT_OBJC_ISA_USAGE = YES_ERROR;
				CLANG_WARN_DOCUMENTATION_COMMENTS = YES;
				CLANG_WARN_EMPTY_BODY = YES;
				CLANG_WARN_ENUM_CONVERSION = YES;
				CLANG_WARN_INFINITE_RECURSION = YES;
				CLANG_WARN_INT_CONVERSION = YES;
				CLANG_WARN_NON_LITERAL_NULL_CONVERSION = YES;
				CLANG_WARN_OBJC_IMPLICIT_RETAIN_SELF = YES;
				CLANG_WARN_OBJC_LITERAL_CONVERSION = YES;
				CLANG_WARN_OBJC_ROOT_CLASS = YES_ERROR;
				CLANG_WARN_QUOTED_INCLUDE_IN_FRAMEWORK_HEADER = YES;
				CLANG_WARN_RANGE_LOOP_ANALYSIS = YES;
				CLANG_WARN_STRICT_PROTOTYPES = YES;
				CLANG_WARN_SUSPICIOUS_MOVE = YES;
				CLANG_WARN_UNGUARDED_AVAILABILITY = YES_AGGRESSIVE;
				CLANG_WARN_UNREACHABLE_CODE = YES;
				CLANG_WARN__DUPLICATE_METHOD_MATCH = YES;
				COPY_PHASE_STRIP = NO;
				DEBUG_INFORMATION_FORMAT = dwarf;
				ENABLE_STRICT_OBJC_MSGSEND = YES;
				ENABLE_TESTABILITY = YES;
				ENABLE_USER_SCRIPT_SANDBOXING = YES;
				GCC_C_LANGUAGE_STANDARD = gnu17;
				GCC_DYNAMIC_NO_PIC = NO;
				GCC_NO_COMMON_BLOCKS = YES;
				GCC_OPTIMIZATION_LEVEL = 0;
				GCC_PREPROCESSOR_DEFINITIONS = (
					"DEBUG=1",
					"$(inherited)",
				);
				GCC_WARN_64_TO_32_BIT_CONVERSION = YES;
				GCC_WARN_ABOUT_RETURN_TYPE = YES_ERROR;
				GCC_WARN_UNDECLARED_SELECTOR = YES;
				GCC_WARN_UNINITIALIZED_AUTOS = YES_AGGRESSIVE;
				GCC_WARN_UNUSED_FUNCTION = YES;
				GCC_WARN_UNUSED_VARIABLE = YES;
				IPHONEOS_DEPLOYMENT_TARGET = 17.5;
				LOCALIZATION_PREFERS_STRING_CATALOGS = YES;
				MTL_ENABLE_DEBUG_INFO = INCLUDE_SOURCE;
				MTL_FAST_MATH = YES;
				ONLY_ACTIVE_ARCH = YES;
				SDKROOT = iphoneos;
				SWIFT_ACTIVE_COMPILATION_CONDITIONS = "DEBUG $(inherited)";
				SWIFT_OPTIMIZATION_LEVEL = "-Onone";
			};
			name = Debug;
		};
		21FD1E1F2C2F15DE00EC04F3 /* Release */ = {
			isa = XCBuildConfiguration;
			buildSettings = {
				ALWAYS_SEARCH_USER_PATHS = NO;
				ASSETCATALOG_COMPILER_GENERATE_SWIFT_ASSET_SYMBOL_EXTENSIONS = YES;
				CLANG_ANALYZER_NONNULL = YES;
				CLANG_ANALYZER_NUMBER_OBJECT_CONVERSION = YES_AGGRESSIVE;
				CLANG_CXX_LANGUAGE_STANDARD = "gnu++20";
				CLANG_ENABLE_MODULES = YES;
				CLANG_ENABLE_OBJC_ARC = YES;
				CLANG_ENABLE_OBJC_WEAK = YES;
				CLANG_WARN_BLOCK_CAPTURE_AUTORELEASING = YES;
				CLANG_WARN_BOOL_CONVERSION = YES;
				CLANG_WARN_COMMA = YES;
				CLANG_WARN_CONSTANT_CONVERSION = YES;
				CLANG_WARN_DEPRECATED_OBJC_IMPLEMENTATIONS = YES;
				CLANG_WARN_DIRECT_OBJC_ISA_USAGE = YES_ERROR;
				CLANG_WARN_DOCUMENTATION_COMMENTS = YES;
				CLANG_WARN_EMPTY_BODY = YES;
				CLANG_WARN_ENUM_CONVERSION = YES;
				CLANG_WARN_INFINITE_RECURSION = YES;
				CLANG_WARN_INT_CONVERSION = YES;
				CLANG_WARN_NON_LITERAL_NULL_CONVERSION = YES;
				CLANG_WARN_OBJC_IMPLICIT_RETAIN_SELF = YES;
				CLANG_WARN_OBJC_LITERAL_CONVERSION = YES;
				CLANG_WARN_OBJC_ROOT_CLASS = YES_ERROR;
				CLANG_WARN_QUOTED_INCLUDE_IN_FRAMEWORK_HEADER = YES;
				CLANG_WARN_RANGE_LOOP_ANALYSIS = YES;
				CLANG_WARN_STRICT_PROTOTYPES = YES;
				CLANG_WARN_SUSPICIOUS_MOVE = YES;
				CLANG_WARN_UNGUARDED_AVAILABILITY = YES_AGGRESSIVE;
				CLANG_WARN_UNREACHABLE_CODE = YES;
				CLANG_WARN__DUPLICATE_METHOD_MATCH = YES;
				COPY_PHASE_STRIP = NO;
				DEBUG_INFORMATION_FORMAT = "dwarf-with-dsym";
				ENABLE_NS_ASSERTIONS = NO;
				ENABLE_STRICT_OBJC_MSGSEND = YES;
				ENABLE_USER_SCRIPT_SANDBOXING = YES;
				GCC_C_LANGUAGE_STANDARD = gnu17;
				GCC_NO_COMMON_BLOCKS = YES;
				GCC_WARN_64_TO_32_BIT_CONVERSION = YES;
				GCC_WARN_ABOUT_RETURN_TYPE = YES_ERROR;
				GCC_WARN_UNDECLARED_SELECTOR = YES;
				GCC_WARN_UNINITIALIZED_AUTOS = YES_AGGRESSIVE;
				GCC_WARN_UNUSED_FUNCTION = YES;
				GCC_WARN_UNUSED_VARIABLE = YES;
				IPHONEOS_DEPLOYMENT_TARGET = 17.5;
				LOCALIZATION_PREFERS_STRING_CATALOGS = YES;
				MTL_ENABLE_DEBUG_INFO = NO;
				MTL_FAST_MATH = YES;
				SDKROOT = iphoneos;
				SWIFT_COMPILATION_MODE = wholemodule;
				VALIDATE_PRODUCT = YES;
			};
			name = Release;
		};
		21FD1E212C2F15DE00EC04F3 /* Debug */ = {
			isa = XCBuildConfiguration;
			buildSettings = {
				ASSETCATALOG_COMPILER_APPICON_NAME = AppIcon;
				ASSETCATALOG_COMPILER_GLOBAL_ACCENT_COLOR_NAME = AccentColor;
				CODE_SIGN_STYLE = Automatic;
				CURRENT_PROJECT_VERSION = 1;
				DEVELOPMENT_ASSET_PATHS = "\"PinchApp/Preview Content\"";
				DEVELOPMENT_TEAM = 3FH45K6P9G;
				ENABLE_PREVIEWS = YES;
				GENERATE_INFOPLIST_FILE = YES;
				INFOPLIST_KEY_UIApplicationSceneManifest_Generation = YES;
				INFOPLIST_KEY_UIApplicationSupportsIndirectInputEvents = YES;
				INFOPLIST_KEY_UILaunchScreen_Generation = YES;
				INFOPLIST_KEY_UISupportedInterfaceOrientations = UIInterfaceOrientationPortrait;
				LD_RUNPATH_SEARCH_PATHS = (
					"$(inherited)",
					"@executable_path/Frameworks",
				);
				MARKETING_VERSION = 1.0;
				PRODUCT_BUNDLE_IDENTIFIER = com.hackwithrama.PinchApp;
				PRODUCT_NAME = "$(TARGET_NAME)";
				SWIFT_EMIT_LOC_STRINGS = YES;
				SWIFT_VERSION = 5.0;
				TARGETED_DEVICE_FAMILY = "1,2";
			};
			name = Debug;
		};
		21FD1E222C2F15DE00EC04F3 /* Release */ = {
			isa = XCBuildConfiguration;
			buildSettings = {
				ASSETCATALOG_COMPILER_APPICON_NAME = AppIcon;
				ASSETCATALOG_COMPILER_GLOBAL_ACCENT_COLOR_NAME = AccentColor;
				CODE_SIGN_STYLE = Automatic;
				CURRENT_PROJECT_VERSION = 1;
				DEVELOPMENT_ASSET_PATHS = "\"PinchApp/Preview Content\"";
				DEVELOPMENT_TEAM = 3FH45K6P9G;
				ENABLE_PREVIEWS = YES;
				GENERATE_INFOPLIST_FILE = YES;
				INFOPLIST_KEY_UIApplicationSceneManifest_Generation = YES;
				INFOPLIST_KEY_UIApplicationSupportsIndirectInputEvents = YES;
				INFOPLIST_KEY_UILaunchScreen_Generation = YES;
				INFOPLIST_KEY_UISupportedInterfaceOrientations = UIInterfaceOrientationPortrait;
				LD_RUNPATH_SEARCH_PATHS = (
					"$(inherited)",
					"@executable_path/Frameworks",
				);
				MARKETING_VERSION = 1.0;
				PRODUCT_BUNDLE_IDENTIFIER = com.hackwithrama.PinchApp;
				PRODUCT_NAME = "$(TARGET_NAME)";
				SWIFT_EMIT_LOC_STRINGS = YES;
				SWIFT_VERSION = 5.0;
				TARGETED_DEVICE_FAMILY = "1,2";
			};
			name = Release;
		};
/* End XCBuildConfiguration section */

/* Begin XCConfigurationList section */
		21FD1E0D2C2F15DD00EC04F3 /* Build configuration list for PBXProject "PinchApp" */ = {
			isa = XCConfigurationList;
			buildConfigurations = (
				21FD1E1E2C2F15DE00EC04F3 /* Debug */,
				21FD1E1F2C2F15DE00EC04F3 /* Release */,
			);
			defaultConfigurationIsVisible = 0;
			defaultConfigurationName = Release;
		};
		21FD1E202C2F15DE00EC04F3 /* Build configuration list for PBXNativeTarget "PinchApp" */ = {
			isa = XCConfigurationList;
			buildConfigurations = (
				21FD1E212C2F15DE00EC04F3 /* Debug */,
				21FD1E222C2F15DE00EC04F3 /* Release */,
			);
			defaultConfigurationIsVisible = 0;
			defaultConfigurationName = Release;
		};
/* End XCConfigurationList section */
	};
	rootObject = 21FD1E0A2C2F15DD00EC04F3 /* Project object */;
}
